
Microsoft Visual Studio Solution File, Format Version 12.00
# Visual Studio Version 16
VisualStudioVersion = 16.0.32602.291
MinimumVisualStudioVersion = 10.0.40219.1
Project("{FAE04EC0-301F-11D3-BF4B-00C04F79EFBC}") = "eTickets", "eTickets\eTickets.csproj", "{6F28909E-6B46-4974-A84A-2DFEA0020004}"
EndProject
Global
	GlobalSection(SolutionConfigurationPlatforms) = preSolution
		Debug|Any CPU = Debug|Any CPU
		Release|Any CPU = Release|Any CPU
	EndGlobalSection
	GlobalSection(ProjectConfigurationPlatforms) = postSolution
		{6F28909E-6B46-4974-A84A-2DFEA0020004}.Debug|Any CPU.ActiveCfg = Debug|Any CPU
		{6F28909E-6B46-4974-A84A-2DFEA0020004}.Debug|Any CPU.Build.0 = Debug|Any CPU
		{6F28909E-6B46-4974-A84A-2DFEA0020004}.Release|Any CPU.ActiveCfg = Release|Any CPU
		{6F28909E-6B46-4974-A84A-2DFEA0020004}.Release|Any CPU.Build.0 = Release|Any CPU
	EndGlobalSection
	GlobalSection(SolutionProperties) = preSolution
		HideSolutionNode = FALSE
	EndGlobalSection
	GlobalSection(ExtensibilityGlobals) = postSolution
		SolutionGuid = {52E5FD02-DC2E-41BA-B754-F72DF5EF4167}
	EndGlobalSection
EndGlobal
